// !$*UTF8*$!
{
	archiveVersion = 1;
	classes = {
	};
	objectVersion = 46;
	objects = {

/* Begin PBXBuildFile section */
		C7554C4B1AC0966F008F8761 /* main.m in Sources */ = {isa = PBXBuildFile; fileRef = C7554C4A1AC0966F008F8761 /* main.m */; };
		C7554C4E1AC0966F008F8761 /* AppDelegate.m in Sources */ = {isa = PBXBuildFile; fileRef = C7554C4D1AC0966F008F8761 /* AppDelegate.m */; };
		C7554C511AC0966F008F8761 /* ViewController.m in Sources */ = {isa = PBXBuildFile; fileRef = C7554C501AC0966F008F8761 /* ViewController.m */; };
		C7554C541AC0966F008F8761 /* Main.storyboard in Resources */ = {isa = PBXBuildFile; fileRef = C7554C521AC0966F008F8761 /* Main.storyboard */; };
		C7554C561AC0966F008F8761 /* Images.xcassets in Resources */ = {isa = PBXBuildFile; fileRef = C7554C551AC0966F008F8761 /* Images.xcassets */; };
		C7554C591AC0966F008F8761 /* LaunchScreen.xib in Resources */ = {isa = PBXBuildFile; fileRef = C7554C571AC0966F008F8761 /* LaunchScreen.xib */; };
		C7554C651AC0966F008F8761 /* MeetupAPITests.m in Sources */ = {isa = PBXBuildFile; fileRef = C7554C641AC0966F008F8761 /* MeetupAPITests.m */; };
/* End PBXBuildFile section */

/* Begin PBXContainerItemProxy section */
		C7554C5F1AC0966F008F8761 /* PBXContainerItemProxy */ = {
			isa = PBXContainerItemProxy;
			containerPortal = C7554C3D1AC0966E008F8761 /* Project object */;
			proxyType = 1;
			remoteGlobalIDString = C7554C441AC0966F008F8761;
			remoteInfo = MeetupAPI;
		};
/* End PBXContainerItemProxy section */

/* Begin PBXFileReference section */
		C7554C451AC0966F008F8761 /* MeetupAPI.app */ = {isa = PBXFileReference; explicitFileType = wrapper.application; includeInIndex = 0; path = MeetupAPI.app; sourceTree = BUILT_PRODUCTS_DIR; };
		C7554C491AC0966F008F8761 /* Info.plist */ = {isa = PBXFileReference; lastKnownFileType = text.plist.xml; path = Info.plist; sourceTree = "<group>"; };
		C7554C4A1AC0966F008F8761 /* main.m */ = {isa = PBXFileReference; lastKnownFileType = sourcecode.c.objc; path = main.m; sourceTree = "<group>"; };
		C7554C4C1AC0966F008F8761 /* AppDelegate.h */ = {isa = PBXFileReference; lastKnownFileType = sourcecode.c.h; path = AppDelegate.h; sourceTree = "<group>"; };
		C7554C4D1AC0966F008F8761 /* AppDelegate.m */ = {isa = PBXFileReference; lastKnownFileType = sourcecode.c.objc; path = AppDelegate.m; sourceTree = "<group>"; };
		C7554C4F1AC0966F008F8761 /* ViewController.h */ = {isa = PBXFileReference; lastKnownFileType = sourcecode.c.h; path = ViewController.h; sourceTree = "<group>"; };
		C7554C501AC0966F008F8761 /* ViewController.m */ = {isa = PBXFileReference; lastKnownFileType = sourcecode.c.objc; path = ViewController.m; sourceTree = "<group>"; };
		C7554C531AC0966F008F8761 /* Base */ = {isa = PBXFileReference; lastKnownFileType = file.storyboard; name = Base; path = Base.lproj/Main.storyboard; sourceTree = "<group>"; };
		C7554C551AC0966F008F8761 /* Images.xcassets */ = {isa = PBXFileReference; lastKnownFileType = folder.assetcatalog; path = Images.xcassets; sourceTree = "<group>"; };
		C7554C581AC0966F008F8761 /* Base */ = {isa = PBXFileReference; lastKnownFileType = file.xib; name = Base; path = Base.lproj/LaunchScreen.xib; sourceTree = "<group>"; };
		C7554C5E1AC0966F008F8761 /* MeetupAPITests.xctest */ = {isa = PBXFileReference; explicitFileType = wrapper.cfbundle; includeInIndex = 0; path = MeetupAPITests.xctest; sourceTree = BUILT_PRODUCTS_DIR; };
		C7554C631AC0966F008F8761 /* Info.plist */ = {isa = PBXFileReference; lastKnownFileType = text.plist.xml; path = Info.plist; sourceTree = "<group>"; };
		C7554C641AC0966F008F8761 /* MeetupAPITests.m */ = {isa = PBXFileReference; lastKnownFileType = sourcecode.c.objc; path = MeetupAPITests.m; sourceTree = "<group>"; };
/* End PBXFileReference section */

/* Begin PBXFrameworksBuildPhase section */
		C7554C421AC0966F008F8761 /* Frameworks */ = {
			isa = PBXFrameworksBuildPhase;
			buildActionMask = 2147483647;
			files = (
			);
			runOnlyForDeploymentPostprocessing = 0;
		};
		C7554C5B1AC0966F008F8761 /* Frameworks */ = {
			isa = PBXFrameworksBuildPhase;
			buildActionMask = 2147483647;
			files = (
			);
			runOnlyForDeploymentPostprocessing = 0;
		};
/* End PBXFrameworksBuildPhase section */

/* Begin PBXGroup section */
		C7554C3C1AC0966E008F8761 = {
			isa = PBXGroup;
			children = (
				C7554C471AC0966F008F8761 /* MeetupAPI */,
				C7554C611AC0966F008F8761 /* MeetupAPITests */,
				C7554C461AC0966F008F8761 /* Products */,
			);
			sourceTree = "<group>";
		};
		C7554C461AC0966F008F8761 /* Products */ = {
			isa = PBXGroup;
			children = (
				C7554C451AC0966F008F8761 /* MeetupAPI.app */,
				C7554C5E1AC0966F008F8761 /* MeetupAPITests.xctest */,
			);
			name = Products;
			sourceTree = "<group>";
		};
		C7554C471AC0966F008F8761 /* MeetupAPI */ = {
			isa = PBXGroup;
			children = (
				C7554C4C1AC0966F008F8761 /* AppDelegate.h */,
				C7554C4D1AC0966F008F8761 /* AppDelegate.m */,
				C7554C4F1AC0966F008F8761 /* ViewController.h */,
				C7554C501AC0966F008F8761 /* ViewController.m */,
				C7554C521AC0966F008F8761 /* Main.storyboard */,
				C7554C551AC0966F008F8761 /* Images.xcassets */,
				C7554C571AC0966F008F8761 /* LaunchScreen.xib */,
				C7554C481AC0966F008F8761 /* Supporting Files */,
			);
			path = MeetupAPI;
			sourceTree = "<group>";
		};
		C7554C481AC0966F008F8761 /* Supporting Files */ = {
			isa = PBXGroup;
			children = (
				C7554C491AC0966F008F8761 /* Info.plist */,
				C7554C4A1AC0966F008F8761 /* main.m */,
			);
			name = "Supporting Files";
			sourceTree = "<group>";
		};
		C7554C611AC0966F008F8761 /* MeetupAPITests */ = {
			isa = PBXGroup;
			children = (
				C7554C641AC0966F008F8761 /* MeetupAPITests.m */,
				C7554C621AC0966F008F8761 /* Supporting Files */,
			);
			path = MeetupAPITests;
			sourceTree = "<group>";
		};
		C7554C621AC0966F008F8761 /* Supporting Files */ = {
			isa = PBXGroup;
			children = (
				C7554C631AC0966F008F8761 /* Info.plist */,
			);
			name = "Supporting Files";
			sourceTree = "<group>";
		};
/* End PBXGroup section */

/* Begin PBXNativeTarget section */
		C7554C441AC0966F008F8761 /* MeetupAPI */ = {
			isa = PBXNativeTarget;
			buildConfigurationList = C7554C681AC0966F008F8761 /* Build configuration list for PBXNativeTarget "MeetupAPI" */;
			buildPhases = (
				C7554C411AC0966F008F8761 /* Sources */,
				C7554C421AC0966F008F8761 /* Frameworks */,
				C7554C431AC0966F008F8761 /* Resources */,
			);
			buildRules = (
			);
			dependencies = (
			);
			name = MeetupAPI;
			productName = MeetupAPI;
			productReference = C7554C451AC0966F008F8761 /* MeetupAPI.app */;
			productType = "com.apple.product-type.application";
		};
		C7554C5D1AC0966F008F8761 /* MeetupAPITests */ = {
			isa = PBXNativeTarget;
			buildConfigurationList = C7554C6B1AC0966F008F8761 /* Build configuration list for PBXNativeTarget "MeetupAPITests" */;
			buildPhases = (
				C7554C5A1AC0966F008F8761 /* Sources */,
				C7554C5B1AC0966F008F8761 /* Frameworks */,
				C7554C5C1AC0966F008F8761 /* Resources */,
			);
			buildRules = (
			);
			dependencies = (
				C7554C601AC0966F008F8761 /* PBXTargetDependency */,
			);
			name = MeetupAPITests;
			productName = MeetupAPITests;
			productReference = C7554C5E1AC0966F008F8761 /* MeetupAPITests.xctest */;
			productType = "com.apple.product-type.bundle.unit-test";
		};
/* End PBXNativeTarget section */

/* Begin PBXProject section */
		C7554C3D1AC0966E008F8761 /* Project object */ = {
			isa = PBXProject;
			attributes = {
				LastUpgradeCheck = 0620;
				ORGANIZATIONNAME = "Micah Lanier Design and Illustration";
				TargetAttributes = {
					C7554C441AC0966F008F8761 = {
						CreatedOnToolsVersion = 6.2;
					};
					C7554C5D1AC0966F008F8761 = {
						CreatedOnToolsVersion = 6.2;
						TestTargetID = C7554C441AC0966F008F8761;
					};
				};
			};
			buildConfigurationList = C7554C401AC0966E008F8761 /* Build configuration list for PBXProject "MeetupAPI" */;
			compatibilityVersion = "Xcode 3.2";
			developmentRegion = English;
			hasScannedForEncodings = 0;
			knownRegions = (
				en,
				Base,
			);
			mainGroup = C7554C3C1AC0966E008F8761;
			productRefGroup = C7554C461AC0966F008F8761 /* Products */;
			projectDirPath = "";
			projectRoot = "";
			targets = (
				C7554C441AC0966F008F8761 /* MeetupAPI */,
				C7554C5D1AC0966F008F8761 /* MeetupAPITests */,
			);
		};
/* End PBXProject section */

/* Begin PBXResourcesBuildPhase section */
		C7554C431AC0966F008F8761 /* Resources */ = {
			isa = PBXResourcesBuildPhase;
			buildActionMask = 2147483647;
			files = (
				C7554C541AC0966F008F8761 /* Main.storyboard in Resources */,
				C7554C591AC0966F008F8761 /* LaunchScreen.xib in Resources */,
				C7554C561AC0966F008F8761 /* Images.xcassets in Resources */,
			);
			runOnlyForDeploymentPostprocessing = 0;
		};
		C7554C5C1AC0966F008F8761 /* Resources */ = {
			isa = PBXResourcesBuildPhase;
			buildActionMask = 2147483647;
			files = (
			);
			runOnlyForDeploymentPostprocessing = 0;
		};
/* End PBXResourcesBuildPhase section */

/* Begin PBXSourcesBuildPhase section */
		C7554C411AC0966F008F8761 /* Sources */ = {
			isa = PBXSourcesBuildPhase;
			buildActionMask = 2147483647;
			files = (
				C7554C511AC0966F008F8761 /* ViewController.m in Sources */,
				C7554C4E1AC0966F008F8761 /* AppDelegate.m in Sources */,
				C7554C4B1AC0966F008F8761 /* main.m in Sources */,
			);
			runOnlyForDeploymentPostprocessing = 0;
		};
		C7554C5A1AC0966F008F8761 /* Sources */ = {
			isa = PBXSourcesBuildPhase;
			buildActionMask = 2147483647;
			files = (
				C7554C651AC0966F008F8761 /* MeetupAPITests.m in Sources */,
			);
			runOnlyForDeploymentPostprocessing = 0;
		};
/* End PBXSourcesBuildPhase section */

/* Begin PBXTargetDependency section */
		C7554C601AC0966F008F8761 /* PBXTargetDependency */ = {
			isa = PBXTargetDependency;
			target = C7554C441AC0966F008F8761 /* MeetupAPI */;
			targetProxy = C7554C5F1AC0966F008F8761 /* PBXContainerItemProxy */;
		};
/* End PBXTargetDependency section */

/* Begin PBXVariantGroup section */
		C7554C521AC0966F008F8761 /* Main.storyboard */ = {
			isa = PBXVariantGroup;
			children = (
				C7554C531AC0966F008F8761 /* Base */,
			);
			name = Main.storyboard;
			sourceTree = "<group>";
		};
		C7554C571AC0966F008F8761 /* LaunchScreen.xib */ = {
			isa = PBXVariantGroup;
			children = (
				C7554C581AC0966F008F8761 /* Base */,
			);
			name = LaunchScreen.xib;
			sourceTree = "<group>";
		};
/* End PBXVariantGroup section */

/* Begin XCBuildConfiguration section */
		C7554C661AC0966F008F8761 /* Debug */ = {
			isa = XCBuildConfiguration;
			buildSettings = {
				ALWAYS_SEARCH_USER_PATHS = NO;
				CLANG_CXX_LANGUAGE_STANDARD = "gnu++0x";
				CLANG_CXX_LIBRARY = "libc++";
				CLANG_ENABLE_MODULES = YES;
				CLANG_ENABLE_OBJC_ARC = YES;
				CLANG_WARN_BOOL_CONVERSION = YES;
				CLANG_WARN_CONSTANT_CONVERSION = YES;
				CLANG_WARN_DIRECT_OBJC_ISA_USAGE = YES_ERROR;
				CLANG_WARN_EMPTY_BODY = YES;
				CLANG_WARN_ENUM_CONVERSION = YES;
				CLANG_WARN_INT_CONVERSION = YES;
				CLANG_WARN_OBJC_ROOT_CLASS = YES_ERROR;
				CLANG_WARN_UNREACHABLE_CODE = YES;
				CLANG_WARN__DUPLICATE_METHOD_MATCH = YES;
				"CODE_SIGN_IDENTITY[sdk=iphoneos*]" = "iPhone Developer";
				COPY_PHASE_STRIP = NO;
				ENABLE_STRICT_OBJC_MSGSEND = YES;
				GCC_C_LANGUAGE_STANDARD = gnu99;
				GCC_DYNAMIC_NO_PIC = NO;
				GCC_OPTIMIZATION_LEVEL = 0;
				GCC_PREPROCESSOR_DEFINITIONS = (
					"DEBUG=1",
					"$(inherited)",
				);
				GCC_SYMBOLS_PRIVATE_EXTERN = NO;
				GCC_WARN_64_TO_32_BIT_CONVERSION = YES;
				GCC_WARN_ABOUT_RETURN_TYPE = YES_ERROR;
				GCC_WARN_UNDECLARED_SELECTOR = YES;
				GCC_WARN_UNINITIALIZED_AUTOS = YES_AGGRESSIVE;
				GCC_WARN_UNUSED_FUNCTION = YES;
				GCC_WARN_UNUSED_VARIABLE = YES;
				IPHONEOS_DEPLOYMENT_TARGET = 8.2;
				MTL_ENABLE_DEBUG_INFO = YES;
				ONLY_ACTIVE_ARCH = YES;
				SDKROOT = iphoneos;
			};
			name = Debug;
		};
		C7554C671AC0966F008F8761 /* Release */ = {
			isa = XCBuildConfiguration;
			buildSettings = {
				ALWAYS_SEARCH_USER_PATHS = NO;
				CLANG_CXX_LANGUAGE_STANDARD = "gnu++0x";
				CLANG_CXX_LIBRARY = "libc++";
				CLANG_ENABLE_MODULES = YES;
				CLANG_ENABLE_OBJC_ARC = YES;
				CLANG_WARN_BOOL_CONVERSION = YES;
				CLANG_WARN_CONSTANT_CONVERSION = YES;
				CLANG_WARN_DIRECT_OBJC_ISA_USAGE = YES_ERROR;
				CLANG_WARN_EMPTY_BODY = YES;
				CLANG_WARN_ENUM_CONVERSION = YES;
				CLANG_WARN_INT_CONVERSION = YES;
				CLANG_WARN_OBJC_ROOT_CLASS = YES_ERROR;
				CLANG_WARN_UNREACHABLE_CODE = YES;
				CLANG_WARN__DUPLICATE_METHOD_MATCH = YES;
				"CODE_SIGN_IDENTITY[sdk=iphoneos*]" = "iPhone Developer";
				COPY_PHASE_STRIP = NO;
				ENABLE_NS_ASSERTIONS = NO;
				ENABLE_STRICT_OBJC_MSGSEND = YES;
				GCC_C_LANGUAGE_STANDARD = gnu99;
				GCC_WARN_64_TO_32_BIT_CONVERSION = YES;
				GCC_WARN_ABOUT_RETURN_TYPE = YES_ERROR;
				GCC_WARN_UNDECLARED_SELECTOR = YES;
				GCC_WARN_UNINITIALIZED_AUTOS = YES_AGGRESSIVE;
				GCC_WARN_UNUSED_FUNCTION = YES;
				GCC_WARN_UNUSED_VARIABLE = YES;
				IPHONEOS_DEPLOYMENT_TARGET = 8.2;
				MTL_ENABLE_DEBUG_INFO = NO;
				SDKROOT = iphoneos;
				VALIDATE_PRODUCT = YES;
			};
			name = Release;
		};
		C7554C691AC0966F008F8761 /* Debug */ = {
			isa = XCBuildConfiguration;
			buildSettings = {
				ASSETCATALOG_COMPILER_APPICON_NAME = AppIcon;
				INFOPLIST_FILE = MeetupAPI/Info.plist;
				LD_RUNPATH_SEARCH_PATHS = "$(inherited) @executable_path/Frameworks";
				PRODUCT_NAME = "$(TARGET_NAME)";
			};
			name = Debug;
		};
		C7554C6A1AC0966F008F8761 /* Release */ = {
			isa = XCBuildConfiguration;
			buildSettings = {
				ASSETCATALOG_COMPILER_APPICON_NAME = AppIcon;
				INFOPLIST_FILE = MeetupAPI/Info.plist;
				LD_RUNPATH_SEARCH_PATHS = "$(inherited) @executable_path/Frameworks";
				PRODUCT_NAME = "$(TARGET_NAME)";
			};
			name = Release;
		};
		C7554C6C1AC0966F008F8761 /* Debug */ = {
			isa = XCBuildConfiguration;
			buildSettings = {
				BUNDLE_LOADER = "$(TEST_HOST)";
				FRAMEWORK_SEARCH_PATHS = (
					"$(SDKROOT)/Developer/Library/Frameworks",
					"$(inherited)",
				);
				GCC_PREPROCESSOR_DEFINITIONS = (
					"DEBUG=1",
					"$(inherited)",
				);
				INFOPLIST_FILE = MeetupAPITests/Info.plist;
				LD_RUNPATH_SEARCH_PATHS = "$(inherited) @executable_path/Frameworks @loader_path/Frameworks";
				PRODUCT_NAME = "$(TARGET_NAME)";
				TEST_HOST = "$(BUILT_PRODUCTS_DIR)/MeetupAPI.app/MeetupAPI";
			};
			name = Debug;
		};
		C7554C6D1AC0966F008F8761 /* Release */ = {
			isa = XCBuildConfiguration;
			buildSettings = {
				BUNDLE_LOADER = "$(TEST_HOST)";
				FRAMEWORK_SEARCH_PATHS = (
					"$(SDKROOT)/Developer/Library/Frameworks",
					"$(inherited)",
				);
				INFOPLIST_FILE = MeetupAPITests/Info.plist;
				LD_RUNPATH_SEARCH_PATHS = "$(inherited) @executable_path/Frameworks @loader_path/Frameworks";
				PRODUCT_NAME = "$(TARGET_NAME)";
				TEST_HOST = "$(BUILT_PRODUCTS_DIR)/MeetupAPI.app/MeetupAPI";
			};
			name = Release;
		};
/* End XCBuildConfiguration section */

/* Begin XCConfigurationList section */
		C7554C401AC0966E008F8761 /* Build configuration list for PBXProject "MeetupAPI" */ = {
			isa = XCConfigurationList;
			buildConfigurations = (
				C7554C661AC0966F008F8761 /* Debug */,
				C7554C671AC0966F008F8761 /* Release */,
			);
			defaultConfigurationIsVisible = 0;
			defaultConfigurationName = Release;
		};
		C7554C681AC0966F008F8761 /* Build configuration list for PBXNativeTarget "MeetupAPI" */ = {
			isa = XCConfigurationList;
			buildConfigurations = (
				C7554C691AC0966F008F8761 /* Debug */,
				C7554C6A1AC0966F008F8761 /* Release */,
			);
			defaultConfigurationIsVisible = 0;
		};
		C7554C6B1AC0966F008F8761 /* Build configuration list for PBXNativeTarget "MeetupAPITests" */ = {
			isa = XCConfigurationList;
			buildConfigurations = (
				C7554C6C1AC0966F008F8761 /* Debug */,
				C7554C6D1AC0966F008F8761 /* Release */,
			);
			defaultConfigurationIsVisible = 0;
		};
/* End XCConfigurationList section */
	};
	rootObject = C7554C3D1AC0966E008F8761 /* Project object */;
}
